# This file is automatically @generated by Cargo.
# It is not intended for manual editing.
version = 4

[[package]]
name = "marble_node"
version = "0.1.0"
dependencies = [
 "marble_types",
]

[[package]]
name = "marble_types"
version = "0.1.0"

[[package]]
name = "marbles"
version = "0.1.0"
dependencies = [
 "marble_types",
]
